
Microsoft Visual Studio Solution File, Format Version 12.00
# Visual Studio Version 17
VisualStudioVersion = 17.0.32112.339
MinimumVisualStudioVersion = 10.0.40219.1
Project("{9A19103F-16F7-4668-BE54-9A1E7A4F7556}") = "Zolupos", "Zolupos\Zolupos.csproj", "{59C845BF-348B-40F7-B850-D42022F55281}"
EndProject
Project("{9A19103F-16F7-4668-BE54-9A1E7A4F7556}") = "Zolupos.Modules.Transaction.Infrastructure", "Zolupos.Modules.Transaction.Infrastructure\Zolupos.Modules.Transaction.Infrastructure.csproj", "{ABC38162-382B-4CBF-9EF5-E735D6D118E9}"
EndProject
Project("{9A19103F-16F7-4668-BE54-9A1E7A4F7556}") = "Zolupos.Modules.Transaction.Core", "Zolupos.Modules.Transaction.Core\Zolupos.Modules.Transaction.Core.csproj", "{563B0C7A-71D9-4FEE-8B1E-DDFD193006E0}"
EndProject
Project("{9A19103F-16F7-4668-BE54-9A1E7A4F7556}") = "Zolupos.Modules.Transaction", "Zolupos.Modules.Transaction\Zolupos.Modules.Transaction.csproj", "{9BEA2D69-4BFB-4A3E-BBBB-692B0EBDF02B}"
EndProject
Project("{9A19103F-16F7-4668-BE54-9A1E7A4F7556}") = "Zolupos.Shared.Core", "Zolupos.Shared.Core\Zolupos.Shared.Core.csproj", "{780479A2-7813-48AB-BD7B-15816502E675}"
EndProject
Project("{9A19103F-16F7-4668-BE54-9A1E7A4F7556}") = "Zolupos.Shared.Infrastructure", "Zolupos.Shared.Infrastructure\Zolupos.Shared.Infrastructure.csproj", "{061B202F-99D4-467A-BF65-C23B2668D356}"
EndProject
Project("{2150E333-8FDC-42A3-9474-1A3956D46DE8}") = "Transaction", "Transaction", "{441F2BEA-B3F7-4845-947F-52C0A1D36530}"
EndProject
Project("{2150E333-8FDC-42A3-9474-1A3956D46DE8}") = "Inventory", "Inventory", "{6BB5F623-91FE-4797-A837-5B85BEAC56BC}"
EndProject
Project("{9A19103F-16F7-4668-BE54-9A1E7A4F7556}") = "Zolupos.Modules.Inventory", "Zolupos.Modules.Inventory\Zolupos.Modules.Inventory.csproj", "{B934A404-894D-4F1C-ADB0-EF2FE717A183}"
EndProject
Project("{9A19103F-16F7-4668-BE54-9A1E7A4F7556}") = "Zolupos.Modules.Inventory.Core", "Zolupos.Modules.Inventory.Core\Zolupos.Modules.Inventory.Core.csproj", "{A3E295FA-2A0D-4A7B-A6B6-CE8F76AE40F5}"
EndProject
Project("{9A19103F-16F7-4668-BE54-9A1E7A4F7556}") = "Zolupos.Modules.Inventory.Infrastructure", "Zolupos.Modules.Inventory.Infrastructure\Zolupos.Modules.Inventory.Infrastructure.csproj", "{71391C5D-A5F6-4CA1-978B-9FB459C7F8AC}"
EndProject
Project("{2150E333-8FDC-42A3-9474-1A3956D46DE8}") = "Employee", "Employee", "{95400CE0-4D80-43E8-865C-FEE79908D248}"
EndProject
Project("{9A19103F-16F7-4668-BE54-9A1E7A4F7556}") = "Zolupos.Modules.Employee", "Zolupos.Modules.Employee\Zolupos.Modules.Employee.csproj", "{B55C8352-B6A0-4F59-9E51-693CA75B9128}"
EndProject
Project("{9A19103F-16F7-4668-BE54-9A1E7A4F7556}") = "Zolupos.Modules.Employee.Core", "Zolupos.Modules.Employee.Core\Zolupos.Modules.Employee.Core.csproj", "{C024C121-424B-4DF3-A10F-8903447F0521}"
EndProject
Project("{9A19103F-16F7-4668-BE54-9A1E7A4F7556}") = "Zolupos.Modules.Employee.Infrastructure", "Zolupos.Modules.Employee.Infrastructure\Zolupos.Modules.Employee.Infrastructure.csproj", "{B0B273CA-C6DA-491E-84C9-BC4F51160943}"
EndProject
Project("{2150E333-8FDC-42A3-9474-1A3956D46DE8}") = "Authentication", "Authentication", "{AB4BBFA9-26AD-4BF4-B546-6CF77DC8CC72}"
EndProject
Project("{9A19103F-16F7-4668-BE54-9A1E7A4F7556}") = "Zolupos.Modules.Authentication", "Zolupos.Modules.Authentication\Zolupos.Modules.Authentication.csproj", "{C43A9D5D-2DB0-42F7-9BBA-96E010D0261F}"
EndProject
Project("{9A19103F-16F7-4668-BE54-9A1E7A4F7556}") = "Zolupos.Modules.Authentication.Core", "Zolupos.Modules.Authentication.Core\Zolupos.Modules.Authentication.Core.csproj", "{97FA1A3E-AD62-4971-9D75-FB754BBBF3CC}"
EndProject
Project("{9A19103F-16F7-4668-BE54-9A1E7A4F7556}") = "Zolupos.Modules.Authentication.Infrastructure", "Zolupos.Modules.Authentication.Infrastructure\Zolupos.Modules.Authentication.Infrastructure.csproj", "{D10D1FFA-AF12-4882-9AE8-A6C7C620F00B}"
EndProject
Global
	GlobalSection(SolutionConfigurationPlatforms) = preSolution
		Debug|Any CPU = Debug|Any CPU
		Release|Any CPU = Release|Any CPU
	EndGlobalSection
	GlobalSection(ProjectConfigurationPlatforms) = postSolution
		{59C845BF-348B-40F7-B850-D42022F55281}.Debug|Any CPU.ActiveCfg = Debug|Any CPU
		{59C845BF-348B-40F7-B850-D42022F55281}.Debug|Any CPU.Build.0 = Debug|Any CPU
		{59C845BF-348B-40F7-B850-D42022F55281}.Release|Any CPU.ActiveCfg = Release|Any CPU
		{59C845BF-348B-40F7-B850-D42022F55281}.Release|Any CPU.Build.0 = Release|Any CPU
		{ABC38162-382B-4CBF-9EF5-E735D6D118E9}.Debug|Any CPU.ActiveCfg = Debug|Any CPU
		{ABC38162-382B-4CBF-9EF5-E735D6D118E9}.Debug|Any CPU.Build.0 = Debug|Any CPU
		{ABC38162-382B-4CBF-9EF5-E735D6D118E9}.Release|Any CPU.ActiveCfg = Release|Any CPU
		{ABC38162-382B-4CBF-9EF5-E735D6D118E9}.Release|Any CPU.Build.0 = Release|Any CPU
		{563B0C7A-71D9-4FEE-8B1E-DDFD193006E0}.Debug|Any CPU.ActiveCfg = Debug|Any CPU
		{563B0C7A-71D9-4FEE-8B1E-DDFD193006E0}.Debug|Any CPU.Build.0 = Debug|Any CPU
		{563B0C7A-71D9-4FEE-8B1E-DDFD193006E0}.Release|Any CPU.ActiveCfg = Release|Any CPU
		{563B0C7A-71D9-4FEE-8B1E-DDFD193006E0}.Release|Any CPU.Build.0 = Release|Any CPU
		{9BEA2D69-4BFB-4A3E-BBBB-692B0EBDF02B}.Debug|Any CPU.ActiveCfg = Debug|Any CPU
		{9BEA2D69-4BFB-4A3E-BBBB-692B0EBDF02B}.Debug|Any CPU.Build.0 = Debug|Any CPU
		{9BEA2D69-4BFB-4A3E-BBBB-692B0EBDF02B}.Release|Any CPU.ActiveCfg = Release|Any CPU
		{9BEA2D69-4BFB-4A3E-BBBB-692B0EBDF02B}.Release|Any CPU.Build.0 = Release|Any CPU
		{780479A2-7813-48AB-BD7B-15816502E675}.Debug|Any CPU.ActiveCfg = Debug|Any CPU
		{780479A2-7813-48AB-BD7B-15816502E675}.Debug|Any CPU.Build.0 = Debug|Any CPU
		{780479A2-7813-48AB-BD7B-15816502E675}.Release|Any CPU.ActiveCfg = Release|Any CPU
		{780479A2-7813-48AB-BD7B-15816502E675}.Release|Any CPU.Build.0 = Release|Any CPU
		{061B202F-99D4-467A-BF65-C23B2668D356}.Debug|Any CPU.ActiveCfg = Debug|Any CPU
		{061B202F-99D4-467A-BF65-C23B2668D356}.Debug|Any CPU.Build.0 = Debug|Any CPU
		{061B202F-99D4-467A-BF65-C23B2668D356}.Release|Any CPU.ActiveCfg = Release|Any CPU
		{061B202F-99D4-467A-BF65-C23B2668D356}.Release|Any CPU.Build.0 = Release|Any CPU
		{B934A404-894D-4F1C-ADB0-EF2FE717A183}.Debug|Any CPU.ActiveCfg = Debug|Any CPU
		{B934A404-894D-4F1C-ADB0-EF2FE717A183}.Debug|Any CPU.Build.0 = Debug|Any CPU
		{B934A404-894D-4F1C-ADB0-EF2FE717A183}.Release|Any CPU.ActiveCfg = Release|Any CPU
		{B934A404-894D-4F1C-ADB0-EF2FE717A183}.Release|Any CPU.Build.0 = Release|Any CPU
		{A3E295FA-2A0D-4A7B-A6B6-CE8F76AE40F5}.Debug|Any CPU.ActiveCfg = Debug|Any CPU
		{A3E295FA-2A0D-4A7B-A6B6-CE8F76AE40F5}.Debug|Any CPU.Build.0 = Debug|Any CPU
		{A3E295FA-2A0D-4A7B-A6B6-CE8F76AE40F5}.Release|Any CPU.ActiveCfg = Release|Any CPU
		{A3E295FA-2A0D-4A7B-A6B6-CE8F76AE40F5}.Release|Any CPU.Build.0 = Release|Any CPU
		{71391C5D-A5F6-4CA1-978B-9FB459C7F8AC}.Debug|Any CPU.ActiveCfg = Debug|Any CPU
		{71391C5D-A5F6-4CA1-978B-9FB459C7F8AC}.Debug|Any CPU.Build.0 = Debug|Any CPU
		{71391C5D-A5F6-4CA1-978B-9FB459C7F8AC}.Release|Any CPU.ActiveCfg = Release|Any CPU
		{71391C5D-A5F6-4CA1-978B-9FB459C7F8AC}.Release|Any CPU.Build.0 = Release|Any CPU
		{B55C8352-B6A0-4F59-9E51-693CA75B9128}.Debug|Any CPU.ActiveCfg = Debug|Any CPU
		{B55C8352-B6A0-4F59-9E51-693CA75B9128}.Debug|Any CPU.Build.0 = Debug|Any CPU
		{B55C8352-B6A0-4F59-9E51-693CA75B9128}.Release|Any CPU.ActiveCfg = Release|Any CPU
		{B55C8352-B6A0-4F59-9E51-693CA75B9128}.Release|Any CPU.Build.0 = Release|Any CPU
		{C024C121-424B-4DF3-A10F-8903447F0521}.Debug|Any CPU.ActiveCfg = Debug|Any CPU
		{C024C121-424B-4DF3-A10F-8903447F0521}.Debug|Any CPU.Build.0 = Debug|Any CPU
		{C024C121-424B-4DF3-A10F-8903447F0521}.Release|Any CPU.ActiveCfg = Release|Any CPU
		{C024C121-424B-4DF3-A10F-8903447F0521}.Release|Any CPU.Build.0 = Release|Any CPU
		{B0B273CA-C6DA-491E-84C9-BC4F51160943}.Debug|Any CPU.ActiveCfg = Debug|Any CPU
		{B0B273CA-C6DA-491E-84C9-BC4F51160943}.Debug|Any CPU.Build.0 = Debug|Any CPU
		{B0B273CA-C6DA-491E-84C9-BC4F51160943}.Release|Any CPU.ActiveCfg = Release|Any CPU
		{B0B273CA-C6DA-491E-84C9-BC4F51160943}.Release|Any CPU.Build.0 = Release|Any CPU
		{C43A9D5D-2DB0-42F7-9BBA-96E010D0261F}.Debug|Any CPU.ActiveCfg = Debug|Any CPU
		{C43A9D5D-2DB0-42F7-9BBA-96E010D0261F}.Debug|Any CPU.Build.0 = Debug|Any CPU
		{C43A9D5D-2DB0-42F7-9BBA-96E010D0261F}.Release|Any CPU.ActiveCfg = Release|Any CPU
		{C43A9D5D-2DB0-42F7-9BBA-96E010D0261F}.Release|Any CPU.Build.0 = Release|Any CPU
		{97FA1A3E-AD62-4971-9D75-FB754BBBF3CC}.Debug|Any CPU.ActiveCfg = Debug|Any CPU
		{97FA1A3E-AD62-4971-9D75-FB754BBBF3CC}.Debug|Any CPU.Build.0 = Debug|Any CPU
		{97FA1A3E-AD62-4971-9D75-FB754BBBF3CC}.Release|Any CPU.ActiveCfg = Release|Any CPU
		{97FA1A3E-AD62-4971-9D75-FB754BBBF3CC}.Release|Any CPU.Build.0 = Release|Any CPU
		{D10D1FFA-AF12-4882-9AE8-A6C7C620F00B}.Debug|Any CPU.ActiveCfg = Debug|Any CPU
		{D10D1FFA-AF12-4882-9AE8-A6C7C620F00B}.Debug|Any CPU.Build.0 = Debug|Any CPU
		{D10D1FFA-AF12-4882-9AE8-A6C7C620F00B}.Release|Any CPU.ActiveCfg = Release|Any CPU
		{D10D1FFA-AF12-4882-9AE8-A6C7C620F00B}.Release|Any CPU.Build.0 = Release|Any CPU
	EndGlobalSection
	GlobalSection(SolutionProperties) = preSolution
		HideSolutionNode = FALSE
	EndGlobalSection
	GlobalSection(NestedProjects) = preSolution
		{ABC38162-382B-4CBF-9EF5-E735D6D118E9} = {441F2BEA-B3F7-4845-947F-52C0A1D36530}
		{563B0C7A-71D9-4FEE-8B1E-DDFD193006E0} = {441F2BEA-B3F7-4845-947F-52C0A1D36530}
		{9BEA2D69-4BFB-4A3E-BBBB-692B0EBDF02B} = {441F2BEA-B3F7-4845-947F-52C0A1D36530}
		{B934A404-894D-4F1C-ADB0-EF2FE717A183} = {6BB5F623-91FE-4797-A837-5B85BEAC56BC}
		{A3E295FA-2A0D-4A7B-A6B6-CE8F76AE40F5} = {6BB5F623-91FE-4797-A837-5B85BEAC56BC}
		{71391C5D-A5F6-4CA1-978B-9FB459C7F8AC} = {6BB5F623-91FE-4797-A837-5B85BEAC56BC}
		{B55C8352-B6A0-4F59-9E51-693CA75B9128} = {95400CE0-4D80-43E8-865C-FEE79908D248}
		{C024C121-424B-4DF3-A10F-8903447F0521} = {95400CE0-4D80-43E8-865C-FEE79908D248}
		{B0B273CA-C6DA-491E-84C9-BC4F51160943} = {95400CE0-4D80-43E8-865C-FEE79908D248}
		{C43A9D5D-2DB0-42F7-9BBA-96E010D0261F} = {AB4BBFA9-26AD-4BF4-B546-6CF77DC8CC72}
		{97FA1A3E-AD62-4971-9D75-FB754BBBF3CC} = {AB4BBFA9-26AD-4BF4-B546-6CF77DC8CC72}
		{D10D1FFA-AF12-4882-9AE8-A6C7C620F00B} = {AB4BBFA9-26AD-4BF4-B546-6CF77DC8CC72}
	EndGlobalSection
	GlobalSection(ExtensibilityGlobals) = postSolution
		SolutionGuid = {E7712966-0BAB-47C8-A384-5A1E6CB99C68}
	EndGlobalSection
EndGlobal
