
Microsoft Visual Studio Solution File, Format Version 12.00
# Visual Studio Version 17
VisualStudioVersion = 17.2.32505.173
MinimumVisualStudioVersion = 10.0.40219.1
Project("{9A19103F-16F7-4668-BE54-9A1E7A4F7556}") = "Zolupos.Server", "Zolupos.Server\Zolupos.Server.csproj", "{E5071A98-F1BA-43F1-8E6A-0B0D50F5EDC9}"
EndProject
Project("{9A19103F-16F7-4668-BE54-9A1E7A4F7556}") = "Zolupos.Application", "Zolupos.Application\Zolupos.Application.csproj", "{678A6B97-2F67-4CD0-B0F6-7E3FDE6F2752}"
EndProject
Project("{FAE04EC0-301F-11D3-BF4B-00C04F79EFBC}") = "Zolupos.Shared", "Zolupos.Shared\Zolupos.Shared.csproj", "{5310019C-0C60-473D-9DF5-0A03E4B472B1}"
EndProject
Global
	GlobalSection(SolutionConfigurationPlatforms) = preSolution
		Debug|Any CPU = Debug|Any CPU
		Release|Any CPU = Release|Any CPU
	EndGlobalSection
	GlobalSection(ProjectConfigurationPlatforms) = postSolution
		{E5071A98-F1BA-43F1-8E6A-0B0D50F5EDC9}.Debug|Any CPU.ActiveCfg = Debug|Any CPU
		{E5071A98-F1BA-43F1-8E6A-0B0D50F5EDC9}.Debug|Any CPU.Build.0 = Debug|Any CPU
		{E5071A98-F1BA-43F1-8E6A-0B0D50F5EDC9}.Release|Any CPU.ActiveCfg = Release|Any CPU
		{E5071A98-F1BA-43F1-8E6A-0B0D50F5EDC9}.Release|Any CPU.Build.0 = Release|Any CPU
		{678A6B97-2F67-4CD0-B0F6-7E3FDE6F2752}.Debug|Any CPU.ActiveCfg = Debug|Any CPU
		{678A6B97-2F67-4CD0-B0F6-7E3FDE6F2752}.Debug|Any CPU.Build.0 = Debug|Any CPU
		{678A6B97-2F67-4CD0-B0F6-7E3FDE6F2752}.Release|Any CPU.ActiveCfg = Release|Any CPU
		{678A6B97-2F67-4CD0-B0F6-7E3FDE6F2752}.Release|Any CPU.Build.0 = Release|Any CPU
		{5310019C-0C60-473D-9DF5-0A03E4B472B1}.Debug|Any CPU.ActiveCfg = Debug|Any CPU
		{5310019C-0C60-473D-9DF5-0A03E4B472B1}.Debug|Any CPU.Build.0 = Debug|Any CPU
		{5310019C-0C60-473D-9DF5-0A03E4B472B1}.Release|Any CPU.ActiveCfg = Release|Any CPU
		{5310019C-0C60-473D-9DF5-0A03E4B472B1}.Release|Any CPU.Build.0 = Release|Any CPU
	EndGlobalSection
	GlobalSection(SolutionProperties) = preSolution
		HideSolutionNode = FALSE
	EndGlobalSection
	GlobalSection(ExtensibilityGlobals) = postSolution
		SolutionGuid = {714ED067-D24F-4174-87B7-4108FBCC2219}
	EndGlobalSection
EndGlobal
