
Microsoft Visual Studio Solution File, Format Version 12.00
# Visual Studio Version 17
VisualStudioVersion = 17.2.32630.192
MinimumVisualStudioVersion = 10.0.40219.1
Project("{FAE04EC0-301F-11D3-BF4B-00C04F79EFBC}") = "Afterglow", "Afterglow\Afterglow.csproj", "{65BAD5C0-77AC-4705-AACB-D00D27EAA71A}"
EndProject
Project("{FAE04EC0-301F-11D3-BF4B-00C04F79EFBC}") = "TheArcher", "Delicate\TheArcher.csproj", "{72A4602C-FBAC-4C92-BDF9-579F59A09F7E}"
EndProject
Project("{FAE04EC0-301F-11D3-BF4B-00C04F79EFBC}") = "LondonBoy", "LondonBoy\LondonBoy.csproj", "{47A5740E-6980-41B1-9511-A61DEFC1AF3D}"
EndProject
Global
	GlobalSection(SolutionConfigurationPlatforms) = preSolution
		Debug|Any CPU = Debug|Any CPU
		Release|Any CPU = Release|Any CPU
	EndGlobalSection
	GlobalSection(ProjectConfigurationPlatforms) = postSolution
		{65BAD5C0-77AC-4705-AACB-D00D27EAA71A}.Debug|Any CPU.ActiveCfg = Debug|Any CPU
		{65BAD5C0-77AC-4705-AACB-D00D27EAA71A}.Debug|Any CPU.Build.0 = Debug|Any CPU
		{65BAD5C0-77AC-4705-AACB-D00D27EAA71A}.Release|Any CPU.ActiveCfg = Release|Any CPU
		{65BAD5C0-77AC-4705-AACB-D00D27EAA71A}.Release|Any CPU.Build.0 = Release|Any CPU
		{72A4602C-FBAC-4C92-BDF9-579F59A09F7E}.Debug|Any CPU.ActiveCfg = Debug|Any CPU
		{72A4602C-FBAC-4C92-BDF9-579F59A09F7E}.Debug|Any CPU.Build.0 = Debug|Any CPU
		{72A4602C-FBAC-4C92-BDF9-579F59A09F7E}.Release|Any CPU.ActiveCfg = Release|Any CPU
		{72A4602C-FBAC-4C92-BDF9-579F59A09F7E}.Release|Any CPU.Build.0 = Release|Any CPU
		{47A5740E-6980-41B1-9511-A61DEFC1AF3D}.Debug|Any CPU.ActiveCfg = Debug|Any CPU
		{47A5740E-6980-41B1-9511-A61DEFC1AF3D}.Debug|Any CPU.Build.0 = Debug|Any CPU
		{47A5740E-6980-41B1-9511-A61DEFC1AF3D}.Release|Any CPU.ActiveCfg = Release|Any CPU
		{47A5740E-6980-41B1-9511-A61DEFC1AF3D}.Release|Any CPU.Build.0 = Release|Any CPU
	EndGlobalSection
	GlobalSection(SolutionProperties) = preSolution
		HideSolutionNode = FALSE
	EndGlobalSection
	GlobalSection(ExtensibilityGlobals) = postSolution
		SolutionGuid = {CEE47C21-271C-4BAB-994F-03F251037BAD}
	EndGlobalSection
EndGlobal
